
Microsoft Visual Studio Solution File, Format Version 12.00
Project("{FAE04EC0-301F-11D3-BF4B-00C04F79EFBC}") = "AdvSearcher.Desktop", "AdvSearcher.Desktop\AdvSearcher.Desktop.csproj", "{F778C042-982C-4445-84E3-B16390598B08}"
EndProject
Project("{FAE04EC0-301F-11D3-BF4B-00C04F79EFBC}") = "AdvSearcher.Core", "AdvSearcher.Core\AdvSearcher.Core.csproj", "{835059AB-EB5B-46C6-8C35-8D27C97BDFF7}"
EndProject
Project("{FAE04EC0-301F-11D3-BF4B-00C04F79EFBC}") = "AdvSearcher.Core.Tests", "AdvSearcher.Core.Tests\AdvSearcher.Core.Tests.csproj", "{E8D4E8C5-E7C0-4B0F-B31B-43AE6193C610}"
EndProject
Project("{FAE04EC0-301F-11D3-BF4B-00C04F79EFBC}") = "AdvSearcher.Application", "AdvSearcher.Application\AdvSearcher.Application.csproj", "{9F28DFD4-C1A5-4A75-946C-51BAB660DAD7}"
EndProject
Project("{FAE04EC0-301F-11D3-BF4B-00C04F79EFBC}") = "Advsearcher.Infrastructure.VKParser", "Advsearcher.Infrastructure.VKParser\Advsearcher.Infrastructure.VKParser.csproj", "{5EC84DDA-5223-446A-B8D1-75B54BFF1DC9}"
EndProject
Project("{FAE04EC0-301F-11D3-BF4B-00C04F79EFBC}") = "AdvSearcher.VKParser.Tests", "AdvSearcher.VKParser.Tests\AdvSearcher.VKParser.Tests.csproj", "{D71FFFBE-7354-493D-ACFA-CB34FF7C852B}"
EndProject
Project("{FAE04EC0-301F-11D3-BF4B-00C04F79EFBC}") = "AdvSearcher.Infrastracture.OkParser", "AdvSearcher.Infrastracture.OkParser\AdvSearcher.Infrastracture.OkParser.csproj", "{C4681C7A-52F1-429A-9D2A-66AC4E48CBC4}"
EndProject
Project("{FAE04EC0-301F-11D3-BF4B-00C04F79EFBC}") = "Advsearcher.OkParser.Tests", "Advsearcher.OkParser.Tests\Advsearcher.OkParser.Tests.csproj", "{FC6979CC-0551-47AB-A2D8-F1EABD0ACE69}"
EndProject
Project("{FAE04EC0-301F-11D3-BF4B-00C04F79EFBC}") = "AdvSearcher.Infrastructure.CianParser", "AdvSearcher.Infrastructure.CianParser\AdvSearcher.Infrastructure.CianParser.csproj", "{0C7B390E-EAEC-4893-85A0-C0AFAD1E0918}"
EndProject
Project("{FAE04EC0-301F-11D3-BF4B-00C04F79EFBC}") = "AdvSearcher.CianParser.Tests", "AdvSearcher.CianParser.Tests\AdvSearcher.CianParser.Tests.csproj", "{AAD94D48-FAE8-4233-B09A-AE8BAD06540E}"
EndProject
Project("{FAE04EC0-301F-11D3-BF4B-00C04F79EFBC}") = "AdvSearcher.Infrastructure.Avito", "AdvSearcher.Infrastructure.Avito\AdvSearcher.Infrastructure.Avito.csproj", "{FB8BD56E-B102-4B23-B26A-00D88BCA2D22}"
EndProject
Project("{FAE04EC0-301F-11D3-BF4B-00C04F79EFBC}") = "AdvSearcher.AvitoParser.Tests", "AdvSearcher.AvitoParser.Tests\AdvSearcher.AvitoParser.Tests.csproj", "{2E255DE3-D547-4B5A-BBAD-AEEBB49A7866}"
EndProject
Global
	GlobalSection(SolutionConfigurationPlatforms) = preSolution
		Debug|Any CPU = Debug|Any CPU
		Release|Any CPU = Release|Any CPU
	EndGlobalSection
	GlobalSection(ProjectConfigurationPlatforms) = postSolution
		{F778C042-982C-4445-84E3-B16390598B08}.Debug|Any CPU.ActiveCfg = Debug|Any CPU
		{F778C042-982C-4445-84E3-B16390598B08}.Debug|Any CPU.Build.0 = Debug|Any CPU
		{F778C042-982C-4445-84E3-B16390598B08}.Release|Any CPU.ActiveCfg = Release|Any CPU
		{F778C042-982C-4445-84E3-B16390598B08}.Release|Any CPU.Build.0 = Release|Any CPU
		{835059AB-EB5B-46C6-8C35-8D27C97BDFF7}.Debug|Any CPU.ActiveCfg = Debug|Any CPU
		{835059AB-EB5B-46C6-8C35-8D27C97BDFF7}.Debug|Any CPU.Build.0 = Debug|Any CPU
		{835059AB-EB5B-46C6-8C35-8D27C97BDFF7}.Release|Any CPU.ActiveCfg = Release|Any CPU
		{835059AB-EB5B-46C6-8C35-8D27C97BDFF7}.Release|Any CPU.Build.0 = Release|Any CPU
		{E8D4E8C5-E7C0-4B0F-B31B-43AE6193C610}.Debug|Any CPU.ActiveCfg = Debug|Any CPU
		{E8D4E8C5-E7C0-4B0F-B31B-43AE6193C610}.Debug|Any CPU.Build.0 = Debug|Any CPU
		{E8D4E8C5-E7C0-4B0F-B31B-43AE6193C610}.Release|Any CPU.ActiveCfg = Release|Any CPU
		{E8D4E8C5-E7C0-4B0F-B31B-43AE6193C610}.Release|Any CPU.Build.0 = Release|Any CPU
		{9F28DFD4-C1A5-4A75-946C-51BAB660DAD7}.Debug|Any CPU.ActiveCfg = Debug|Any CPU
		{9F28DFD4-C1A5-4A75-946C-51BAB660DAD7}.Debug|Any CPU.Build.0 = Debug|Any CPU
		{9F28DFD4-C1A5-4A75-946C-51BAB660DAD7}.Release|Any CPU.ActiveCfg = Release|Any CPU
		{9F28DFD4-C1A5-4A75-946C-51BAB660DAD7}.Release|Any CPU.Build.0 = Release|Any CPU
		{5EC84DDA-5223-446A-B8D1-75B54BFF1DC9}.Debug|Any CPU.ActiveCfg = Debug|Any CPU
		{5EC84DDA-5223-446A-B8D1-75B54BFF1DC9}.Debug|Any CPU.Build.0 = Debug|Any CPU
		{5EC84DDA-5223-446A-B8D1-75B54BFF1DC9}.Release|Any CPU.ActiveCfg = Release|Any CPU
		{5EC84DDA-5223-446A-B8D1-75B54BFF1DC9}.Release|Any CPU.Build.0 = Release|Any CPU
		{D71FFFBE-7354-493D-ACFA-CB34FF7C852B}.Debug|Any CPU.ActiveCfg = Debug|Any CPU
		{D71FFFBE-7354-493D-ACFA-CB34FF7C852B}.Debug|Any CPU.Build.0 = Debug|Any CPU
		{D71FFFBE-7354-493D-ACFA-CB34FF7C852B}.Release|Any CPU.ActiveCfg = Release|Any CPU
		{D71FFFBE-7354-493D-ACFA-CB34FF7C852B}.Release|Any CPU.Build.0 = Release|Any CPU
		{C4681C7A-52F1-429A-9D2A-66AC4E48CBC4}.Debug|Any CPU.ActiveCfg = Debug|Any CPU
		{C4681C7A-52F1-429A-9D2A-66AC4E48CBC4}.Debug|Any CPU.Build.0 = Debug|Any CPU
		{C4681C7A-52F1-429A-9D2A-66AC4E48CBC4}.Release|Any CPU.ActiveCfg = Release|Any CPU
		{C4681C7A-52F1-429A-9D2A-66AC4E48CBC4}.Release|Any CPU.Build.0 = Release|Any CPU
		{FC6979CC-0551-47AB-A2D8-F1EABD0ACE69}.Debug|Any CPU.ActiveCfg = Debug|Any CPU
		{FC6979CC-0551-47AB-A2D8-F1EABD0ACE69}.Debug|Any CPU.Build.0 = Debug|Any CPU
		{FC6979CC-0551-47AB-A2D8-F1EABD0ACE69}.Release|Any CPU.ActiveCfg = Release|Any CPU
		{FC6979CC-0551-47AB-A2D8-F1EABD0ACE69}.Release|Any CPU.Build.0 = Release|Any CPU
		{0C7B390E-EAEC-4893-85A0-C0AFAD1E0918}.Debug|Any CPU.ActiveCfg = Debug|Any CPU
		{0C7B390E-EAEC-4893-85A0-C0AFAD1E0918}.Debug|Any CPU.Build.0 = Debug|Any CPU
		{0C7B390E-EAEC-4893-85A0-C0AFAD1E0918}.Release|Any CPU.ActiveCfg = Release|Any CPU
		{0C7B390E-EAEC-4893-85A0-C0AFAD1E0918}.Release|Any CPU.Build.0 = Release|Any CPU
		{AAD94D48-FAE8-4233-B09A-AE8BAD06540E}.Debug|Any CPU.ActiveCfg = Debug|Any CPU
		{AAD94D48-FAE8-4233-B09A-AE8BAD06540E}.Debug|Any CPU.Build.0 = Debug|Any CPU
		{AAD94D48-FAE8-4233-B09A-AE8BAD06540E}.Release|Any CPU.ActiveCfg = Release|Any CPU
		{AAD94D48-FAE8-4233-B09A-AE8BAD06540E}.Release|Any CPU.Build.0 = Release|Any CPU
		{FB8BD56E-B102-4B23-B26A-00D88BCA2D22}.Debug|Any CPU.ActiveCfg = Debug|Any CPU
		{FB8BD56E-B102-4B23-B26A-00D88BCA2D22}.Debug|Any CPU.Build.0 = Debug|Any CPU
		{FB8BD56E-B102-4B23-B26A-00D88BCA2D22}.Release|Any CPU.ActiveCfg = Release|Any CPU
		{FB8BD56E-B102-4B23-B26A-00D88BCA2D22}.Release|Any CPU.Build.0 = Release|Any CPU
		{2E255DE3-D547-4B5A-BBAD-AEEBB49A7866}.Debug|Any CPU.ActiveCfg = Debug|Any CPU
		{2E255DE3-D547-4B5A-BBAD-AEEBB49A7866}.Debug|Any CPU.Build.0 = Debug|Any CPU
		{2E255DE3-D547-4B5A-BBAD-AEEBB49A7866}.Release|Any CPU.ActiveCfg = Release|Any CPU
		{2E255DE3-D547-4B5A-BBAD-AEEBB49A7866}.Release|Any CPU.Build.0 = Release|Any CPU
	EndGlobalSection
EndGlobal
