
Microsoft Visual Studio Solution File, Format Version 12.00
Project("{FAE04EC0-301F-11D3-BF4B-00C04F79EFBC}") = "AdvSearcher.Desktop", "AdvSearcher.Desktop\AdvSearcher.Desktop.csproj", "{F778C042-982C-4445-84E3-B16390598B08}"
EndProject
Project("{FAE04EC0-301F-11D3-BF4B-00C04F79EFBC}") = "AdvSearcher.Core", "AdvSearcher.Core\AdvSearcher.Core.csproj", "{835059AB-EB5B-46C6-8C35-8D27C97BDFF7}"
EndProject
Project("{FAE04EC0-301F-11D3-BF4B-00C04F79EFBC}") = "AdvSearcher.Application", "AdvSearcher.Application\AdvSearcher.Application.csproj", "{9F28DFD4-C1A5-4A75-946C-51BAB660DAD7}"
EndProject
Project("{FAE04EC0-301F-11D3-BF4B-00C04F79EFBC}") = "Advsearcher.Infrastructure.VKParser", "Advsearcher.Infrastructure.VKParser\Advsearcher.Infrastructure.VKParser.csproj", "{5EC84DDA-5223-446A-B8D1-75B54BFF1DC9}"
EndProject
Project("{FAE04EC0-301F-11D3-BF4B-00C04F79EFBC}") = "AdvSearcher.VKParser.Tests", "AdvSearcher.VKParser.Tests\AdvSearcher.VKParser.Tests.csproj", "{D71FFFBE-7354-493D-ACFA-CB34FF7C852B}"
EndProject
Project("{FAE04EC0-301F-11D3-BF4B-00C04F79EFBC}") = "AdvSearcher.Infrastracture.OkParser", "AdvSearcher.Infrastracture.OkParser\AdvSearcher.Infrastracture.OkParser.csproj", "{C4681C7A-52F1-429A-9D2A-66AC4E48CBC4}"
EndProject
Project("{FAE04EC0-301F-11D3-BF4B-00C04F79EFBC}") = "Advsearcher.OkParser.Tests", "Advsearcher.OkParser.Tests\Advsearcher.OkParser.Tests.csproj", "{FC6979CC-0551-47AB-A2D8-F1EABD0ACE69}"
EndProject
Project("{FAE04EC0-301F-11D3-BF4B-00C04F79EFBC}") = "AdvSearcher.Infrastructure.CianParser", "AdvSearcher.Infrastructure.CianParser\AdvSearcher.Infrastructure.CianParser.csproj", "{0C7B390E-EAEC-4893-85A0-C0AFAD1E0918}"
EndProject
Project("{FAE04EC0-301F-11D3-BF4B-00C04F79EFBC}") = "AdvSearcher.CianParser.Tests", "AdvSearcher.CianParser.Tests\AdvSearcher.CianParser.Tests.csproj", "{AAD94D48-FAE8-4233-B09A-AE8BAD06540E}"
EndProject
Project("{FAE04EC0-301F-11D3-BF4B-00C04F79EFBC}") = "AdvSearcher.Infrastructure.Avito", "AdvSearcher.Infrastructure.Avito\AdvSearcher.Infrastructure.Avito.csproj", "{FB8BD56E-B102-4B23-B26A-00D88BCA2D22}"
EndProject
Project("{FAE04EC0-301F-11D3-BF4B-00C04F79EFBC}") = "AdvSearcher.AvitoParser.Tests", "AdvSearcher.AvitoParser.Tests\AdvSearcher.AvitoParser.Tests.csproj", "{2E255DE3-D547-4B5A-BBAD-AEEBB49A7866}"
EndProject
Project("{FAE04EC0-301F-11D3-BF4B-00C04F79EFBC}") = "AdvSearcher.Infrastructure.Domclick", "AdvSearcher.Infrastructure.Domclick\AdvSearcher.Infrastructure.Domclick.csproj", "{8DBB26F3-2D6A-445D-AF39-26DC3A6B1AA2}"
EndProject
Project("{FAE04EC0-301F-11D3-BF4B-00C04F79EFBC}") = "AdvSearcher.Domclick.Tests", "AdvSearcher.Domclick.Tests\AdvSearcher.Domclick.Tests.csproj", "{33BF418E-1C04-42CF-ACC6-2D853884B0D7}"
EndProject
Project("{FAE04EC0-301F-11D3-BF4B-00C04F79EFBC}") = "ConsoleForTests", "ConsoleForTests\ConsoleForTests.csproj", "{22139B2B-89B9-4D69-9E74-456E638077FE}"
EndProject
Project("{2150E333-8FDC-42A3-9474-1A3956D46DE8}") = "Parsers", "Parsers", "{2D008E6D-F6ED-49C9-9DC1-574F58FE4B15}"
EndProject
Project("{2150E333-8FDC-42A3-9474-1A3956D46DE8}") = "Avito", "Avito", "{27470E22-2AF1-4341-BDF9-67AFFFE62D16}"
EndProject
Project("{2150E333-8FDC-42A3-9474-1A3956D46DE8}") = "Cian", "Cian", "{AD502143-86B3-4CD1-A752-F1E27CD79488}"
EndProject
Project("{2150E333-8FDC-42A3-9474-1A3956D46DE8}") = "Vkontakte", "Vkontakte", "{ED0ABA1F-2F9C-41BB-9B40-78795367F089}"
EndProject
Project("{2150E333-8FDC-42A3-9474-1A3956D46DE8}") = "Domclick", "Domclick", "{91CEE1EA-8948-4AF5-9D1E-69309F3A30FA}"
EndProject
Project("{2150E333-8FDC-42A3-9474-1A3956D46DE8}") = "Odnoklassniki", "Odnoklassniki", "{2E29BF2F-86BA-4EB7-ADB8-2E9E6C12ED32}"
EndProject
Project("{FAE04EC0-301F-11D3-BF4B-00C04F79EFBC}") = "AdvSearcher.Parser.SDK", "AdvSearcher.Parser.SDK\AdvSearcher.Parser.SDK.csproj", "{353A2043-AC1D-4FC2-BC62-6F4E1642F33A}"
EndProject
Project("{FAE04EC0-301F-11D3-BF4B-00C04F79EFBC}") = "AdvSearcher.Parser.SDK.ConsoleTests", "AdvSearcher.Parser.SDK.ConsoleTests\AdvSearcher.Parser.SDK.ConsoleTests.csproj", "{47BAF3C9-67B3-4093-BA51-794CFB4DF36C}"
EndProject
Project("{FAE04EC0-301F-11D3-BF4B-00C04F79EFBC}") = "AdvSearcher.Parser.SDK.Option.Extension", "AdvSearcher.Parser.SDK.Option.Extension\AdvSearcher.Parser.SDK.Option.Extension.csproj", "{E9D651EB-F823-4A60-A43F-FCF87B5EA6BB}"
EndProject
Project("{FAE04EC0-301F-11D3-BF4B-00C04F79EFBC}") = "AdvSearcher.Infrastructure.AvitoFast", "AdvSearcher.Infrastructure.AvitoFast\AdvSearcher.Infrastructure.AvitoFast.csproj", "{1C8BAE3C-E1B7-4EA2-A1F7-14A74D2FAB2C}"
EndProject
Project("{2150E333-8FDC-42A3-9474-1A3956D46DE8}") = "Persistance", "Persistance", "{6FC94000-1CA7-4153-9B7F-5FCE3A8B6219}"
EndProject
Project("{FAE04EC0-301F-11D3-BF4B-00C04F79EFBC}") = "AdvSearcher.Persistance.SQLite", "AdvSearcher.Persistance.SQLite\AdvSearcher.Persistance.SQLite.csproj", "{55CF44A3-E41D-42CB-A3F7-EC856B852292}"
EndProject
Project("{FAE04EC0-301F-11D3-BF4B-00C04F79EFBC}") = "AdvSearcher.Persistance.SDK", "AdvSearcher.Persistance.SDK\AdvSearcher.Persistance.SDK.csproj", "{9F57D495-A94B-4B48-9183-5C9CAC16F637}"
EndProject
Project("{FAE04EC0-301F-11D3-BF4B-00C04F79EFBC}") = "AdvSearcher.Persistance.SDK.Tests", "AdvSearcher.Persistance.SDK.Tests\AdvSearcher.Persistance.SDK.Tests.csproj", "{D1DCEE14-A356-42C0-B263-A16EF46DEED4}"
EndProject
Project("{FAE04EC0-301F-11D3-BF4B-00C04F79EFBC}") = "AdvSearcher.Persistance.SQLite.Console.Build", "AdvSearcher.Persistance.SQLite.Console.Build\AdvSearcher.Persistance.SQLite.Console.Build.csproj", "{BAA444B5-58E4-443B-A751-DA5647ED43D3}"
EndProject
Project("{FAE04EC0-301F-11D3-BF4B-00C04F79EFBC}") = "AdvSearcher.Persistance.AdvertisementsCache", "AdvSearcher.Persistance.AdvertisementsCache\AdvSearcher.Persistance.AdvertisementsCache.csproj", "{5B937589-2A7D-4AE6-965B-9844FDEFBAB9}"
EndProject
Project("{FAE04EC0-301F-11D3-BF4B-00C04F79EFBC}") = "AdvSearcher.Persistance.AdvertisementsCache.Console.Build", "AdvSearcher.Persistance.AdvertisementsCache.Console.Build\AdvSearcher.Persistance.AdvertisementsCache.Console.Build.csproj", "{41E074E9-9A1C-46D9-900D-40BC883B0F87}"
EndProject
Global
	GlobalSection(SolutionConfigurationPlatforms) = preSolution
		Debug|Any CPU = Debug|Any CPU
		Release|Any CPU = Release|Any CPU
	EndGlobalSection
	GlobalSection(ProjectConfigurationPlatforms) = postSolution
		{F778C042-982C-4445-84E3-B16390598B08}.Debug|Any CPU.ActiveCfg = Debug|Any CPU
		{F778C042-982C-4445-84E3-B16390598B08}.Debug|Any CPU.Build.0 = Debug|Any CPU
		{F778C042-982C-4445-84E3-B16390598B08}.Release|Any CPU.ActiveCfg = Release|Any CPU
		{F778C042-982C-4445-84E3-B16390598B08}.Release|Any CPU.Build.0 = Release|Any CPU
		{835059AB-EB5B-46C6-8C35-8D27C97BDFF7}.Debug|Any CPU.ActiveCfg = Debug|Any CPU
		{835059AB-EB5B-46C6-8C35-8D27C97BDFF7}.Debug|Any CPU.Build.0 = Debug|Any CPU
		{835059AB-EB5B-46C6-8C35-8D27C97BDFF7}.Release|Any CPU.ActiveCfg = Release|Any CPU
		{835059AB-EB5B-46C6-8C35-8D27C97BDFF7}.Release|Any CPU.Build.0 = Release|Any CPU
		{9F28DFD4-C1A5-4A75-946C-51BAB660DAD7}.Debug|Any CPU.ActiveCfg = Debug|Any CPU
		{9F28DFD4-C1A5-4A75-946C-51BAB660DAD7}.Debug|Any CPU.Build.0 = Debug|Any CPU
		{9F28DFD4-C1A5-4A75-946C-51BAB660DAD7}.Release|Any CPU.ActiveCfg = Release|Any CPU
		{9F28DFD4-C1A5-4A75-946C-51BAB660DAD7}.Release|Any CPU.Build.0 = Release|Any CPU
		{5EC84DDA-5223-446A-B8D1-75B54BFF1DC9}.Debug|Any CPU.ActiveCfg = Debug|Any CPU
		{5EC84DDA-5223-446A-B8D1-75B54BFF1DC9}.Debug|Any CPU.Build.0 = Debug|Any CPU
		{5EC84DDA-5223-446A-B8D1-75B54BFF1DC9}.Release|Any CPU.ActiveCfg = Release|Any CPU
		{5EC84DDA-5223-446A-B8D1-75B54BFF1DC9}.Release|Any CPU.Build.0 = Release|Any CPU
		{D71FFFBE-7354-493D-ACFA-CB34FF7C852B}.Debug|Any CPU.ActiveCfg = Debug|Any CPU
		{D71FFFBE-7354-493D-ACFA-CB34FF7C852B}.Debug|Any CPU.Build.0 = Debug|Any CPU
		{D71FFFBE-7354-493D-ACFA-CB34FF7C852B}.Release|Any CPU.ActiveCfg = Release|Any CPU
		{D71FFFBE-7354-493D-ACFA-CB34FF7C852B}.Release|Any CPU.Build.0 = Release|Any CPU
		{C4681C7A-52F1-429A-9D2A-66AC4E48CBC4}.Debug|Any CPU.ActiveCfg = Debug|Any CPU
		{C4681C7A-52F1-429A-9D2A-66AC4E48CBC4}.Debug|Any CPU.Build.0 = Debug|Any CPU
		{C4681C7A-52F1-429A-9D2A-66AC4E48CBC4}.Release|Any CPU.ActiveCfg = Release|Any CPU
		{C4681C7A-52F1-429A-9D2A-66AC4E48CBC4}.Release|Any CPU.Build.0 = Release|Any CPU
		{FC6979CC-0551-47AB-A2D8-F1EABD0ACE69}.Debug|Any CPU.ActiveCfg = Debug|Any CPU
		{FC6979CC-0551-47AB-A2D8-F1EABD0ACE69}.Debug|Any CPU.Build.0 = Debug|Any CPU
		{FC6979CC-0551-47AB-A2D8-F1EABD0ACE69}.Release|Any CPU.ActiveCfg = Release|Any CPU
		{FC6979CC-0551-47AB-A2D8-F1EABD0ACE69}.Release|Any CPU.Build.0 = Release|Any CPU
		{0C7B390E-EAEC-4893-85A0-C0AFAD1E0918}.Debug|Any CPU.ActiveCfg = Debug|Any CPU
		{0C7B390E-EAEC-4893-85A0-C0AFAD1E0918}.Debug|Any CPU.Build.0 = Debug|Any CPU
		{0C7B390E-EAEC-4893-85A0-C0AFAD1E0918}.Release|Any CPU.ActiveCfg = Release|Any CPU
		{0C7B390E-EAEC-4893-85A0-C0AFAD1E0918}.Release|Any CPU.Build.0 = Release|Any CPU
		{AAD94D48-FAE8-4233-B09A-AE8BAD06540E}.Debug|Any CPU.ActiveCfg = Debug|Any CPU
		{AAD94D48-FAE8-4233-B09A-AE8BAD06540E}.Debug|Any CPU.Build.0 = Debug|Any CPU
		{AAD94D48-FAE8-4233-B09A-AE8BAD06540E}.Release|Any CPU.ActiveCfg = Release|Any CPU
		{AAD94D48-FAE8-4233-B09A-AE8BAD06540E}.Release|Any CPU.Build.0 = Release|Any CPU
		{FB8BD56E-B102-4B23-B26A-00D88BCA2D22}.Debug|Any CPU.ActiveCfg = Debug|Any CPU
		{FB8BD56E-B102-4B23-B26A-00D88BCA2D22}.Debug|Any CPU.Build.0 = Debug|Any CPU
		{FB8BD56E-B102-4B23-B26A-00D88BCA2D22}.Release|Any CPU.ActiveCfg = Release|Any CPU
		{FB8BD56E-B102-4B23-B26A-00D88BCA2D22}.Release|Any CPU.Build.0 = Release|Any CPU
		{2E255DE3-D547-4B5A-BBAD-AEEBB49A7866}.Debug|Any CPU.ActiveCfg = Debug|Any CPU
		{2E255DE3-D547-4B5A-BBAD-AEEBB49A7866}.Debug|Any CPU.Build.0 = Debug|Any CPU
		{2E255DE3-D547-4B5A-BBAD-AEEBB49A7866}.Release|Any CPU.ActiveCfg = Release|Any CPU
		{2E255DE3-D547-4B5A-BBAD-AEEBB49A7866}.Release|Any CPU.Build.0 = Release|Any CPU
		{8DBB26F3-2D6A-445D-AF39-26DC3A6B1AA2}.Debug|Any CPU.ActiveCfg = Debug|Any CPU
		{8DBB26F3-2D6A-445D-AF39-26DC3A6B1AA2}.Debug|Any CPU.Build.0 = Debug|Any CPU
		{8DBB26F3-2D6A-445D-AF39-26DC3A6B1AA2}.Release|Any CPU.ActiveCfg = Release|Any CPU
		{8DBB26F3-2D6A-445D-AF39-26DC3A6B1AA2}.Release|Any CPU.Build.0 = Release|Any CPU
		{33BF418E-1C04-42CF-ACC6-2D853884B0D7}.Debug|Any CPU.ActiveCfg = Debug|Any CPU
		{33BF418E-1C04-42CF-ACC6-2D853884B0D7}.Debug|Any CPU.Build.0 = Debug|Any CPU
		{33BF418E-1C04-42CF-ACC6-2D853884B0D7}.Release|Any CPU.ActiveCfg = Release|Any CPU
		{33BF418E-1C04-42CF-ACC6-2D853884B0D7}.Release|Any CPU.Build.0 = Release|Any CPU
		{22139B2B-89B9-4D69-9E74-456E638077FE}.Debug|Any CPU.ActiveCfg = Debug|Any CPU
		{22139B2B-89B9-4D69-9E74-456E638077FE}.Debug|Any CPU.Build.0 = Debug|Any CPU
		{22139B2B-89B9-4D69-9E74-456E638077FE}.Release|Any CPU.ActiveCfg = Release|Any CPU
		{22139B2B-89B9-4D69-9E74-456E638077FE}.Release|Any CPU.Build.0 = Release|Any CPU
		{353A2043-AC1D-4FC2-BC62-6F4E1642F33A}.Debug|Any CPU.ActiveCfg = Debug|Any CPU
		{353A2043-AC1D-4FC2-BC62-6F4E1642F33A}.Debug|Any CPU.Build.0 = Debug|Any CPU
		{353A2043-AC1D-4FC2-BC62-6F4E1642F33A}.Release|Any CPU.ActiveCfg = Release|Any CPU
		{353A2043-AC1D-4FC2-BC62-6F4E1642F33A}.Release|Any CPU.Build.0 = Release|Any CPU
		{47BAF3C9-67B3-4093-BA51-794CFB4DF36C}.Debug|Any CPU.ActiveCfg = Debug|Any CPU
		{47BAF3C9-67B3-4093-BA51-794CFB4DF36C}.Debug|Any CPU.Build.0 = Debug|Any CPU
		{47BAF3C9-67B3-4093-BA51-794CFB4DF36C}.Release|Any CPU.ActiveCfg = Release|Any CPU
		{47BAF3C9-67B3-4093-BA51-794CFB4DF36C}.Release|Any CPU.Build.0 = Release|Any CPU
		{E9D651EB-F823-4A60-A43F-FCF87B5EA6BB}.Debug|Any CPU.ActiveCfg = Debug|Any CPU
		{E9D651EB-F823-4A60-A43F-FCF87B5EA6BB}.Debug|Any CPU.Build.0 = Debug|Any CPU
		{E9D651EB-F823-4A60-A43F-FCF87B5EA6BB}.Release|Any CPU.ActiveCfg = Release|Any CPU
		{E9D651EB-F823-4A60-A43F-FCF87B5EA6BB}.Release|Any CPU.Build.0 = Release|Any CPU
		{1C8BAE3C-E1B7-4EA2-A1F7-14A74D2FAB2C}.Debug|Any CPU.ActiveCfg = Debug|Any CPU
		{1C8BAE3C-E1B7-4EA2-A1F7-14A74D2FAB2C}.Debug|Any CPU.Build.0 = Debug|Any CPU
		{1C8BAE3C-E1B7-4EA2-A1F7-14A74D2FAB2C}.Release|Any CPU.ActiveCfg = Release|Any CPU
		{1C8BAE3C-E1B7-4EA2-A1F7-14A74D2FAB2C}.Release|Any CPU.Build.0 = Release|Any CPU
		{55CF44A3-E41D-42CB-A3F7-EC856B852292}.Debug|Any CPU.ActiveCfg = Debug|Any CPU
		{55CF44A3-E41D-42CB-A3F7-EC856B852292}.Debug|Any CPU.Build.0 = Debug|Any CPU
		{55CF44A3-E41D-42CB-A3F7-EC856B852292}.Release|Any CPU.ActiveCfg = Release|Any CPU
		{55CF44A3-E41D-42CB-A3F7-EC856B852292}.Release|Any CPU.Build.0 = Release|Any CPU
		{9F57D495-A94B-4B48-9183-5C9CAC16F637}.Debug|Any CPU.ActiveCfg = Debug|Any CPU
		{9F57D495-A94B-4B48-9183-5C9CAC16F637}.Debug|Any CPU.Build.0 = Debug|Any CPU
		{9F57D495-A94B-4B48-9183-5C9CAC16F637}.Release|Any CPU.ActiveCfg = Release|Any CPU
		{9F57D495-A94B-4B48-9183-5C9CAC16F637}.Release|Any CPU.Build.0 = Release|Any CPU
		{D1DCEE14-A356-42C0-B263-A16EF46DEED4}.Debug|Any CPU.ActiveCfg = Debug|Any CPU
		{D1DCEE14-A356-42C0-B263-A16EF46DEED4}.Debug|Any CPU.Build.0 = Debug|Any CPU
		{D1DCEE14-A356-42C0-B263-A16EF46DEED4}.Release|Any CPU.ActiveCfg = Release|Any CPU
		{D1DCEE14-A356-42C0-B263-A16EF46DEED4}.Release|Any CPU.Build.0 = Release|Any CPU
		{BAA444B5-58E4-443B-A751-DA5647ED43D3}.Debug|Any CPU.ActiveCfg = Debug|Any CPU
		{BAA444B5-58E4-443B-A751-DA5647ED43D3}.Debug|Any CPU.Build.0 = Debug|Any CPU
		{BAA444B5-58E4-443B-A751-DA5647ED43D3}.Release|Any CPU.ActiveCfg = Release|Any CPU
		{BAA444B5-58E4-443B-A751-DA5647ED43D3}.Release|Any CPU.Build.0 = Release|Any CPU
		{5B937589-2A7D-4AE6-965B-9844FDEFBAB9}.Debug|Any CPU.ActiveCfg = Debug|Any CPU
		{5B937589-2A7D-4AE6-965B-9844FDEFBAB9}.Debug|Any CPU.Build.0 = Debug|Any CPU
		{5B937589-2A7D-4AE6-965B-9844FDEFBAB9}.Release|Any CPU.ActiveCfg = Release|Any CPU
		{5B937589-2A7D-4AE6-965B-9844FDEFBAB9}.Release|Any CPU.Build.0 = Release|Any CPU
		{41E074E9-9A1C-46D9-900D-40BC883B0F87}.Debug|Any CPU.ActiveCfg = Debug|Any CPU
		{41E074E9-9A1C-46D9-900D-40BC883B0F87}.Debug|Any CPU.Build.0 = Debug|Any CPU
		{41E074E9-9A1C-46D9-900D-40BC883B0F87}.Release|Any CPU.ActiveCfg = Release|Any CPU
		{41E074E9-9A1C-46D9-900D-40BC883B0F87}.Release|Any CPU.Build.0 = Release|Any CPU
	EndGlobalSection
	GlobalSection(NestedProjects) = preSolution
		{27470E22-2AF1-4341-BDF9-67AFFFE62D16} = {2D008E6D-F6ED-49C9-9DC1-574F58FE4B15}
		{AD502143-86B3-4CD1-A752-F1E27CD79488} = {2D008E6D-F6ED-49C9-9DC1-574F58FE4B15}
		{ED0ABA1F-2F9C-41BB-9B40-78795367F089} = {2D008E6D-F6ED-49C9-9DC1-574F58FE4B15}
		{91CEE1EA-8948-4AF5-9D1E-69309F3A30FA} = {2D008E6D-F6ED-49C9-9DC1-574F58FE4B15}
		{2E29BF2F-86BA-4EB7-ADB8-2E9E6C12ED32} = {2D008E6D-F6ED-49C9-9DC1-574F58FE4B15}
		{2E255DE3-D547-4B5A-BBAD-AEEBB49A7866} = {27470E22-2AF1-4341-BDF9-67AFFFE62D16}
		{FB8BD56E-B102-4B23-B26A-00D88BCA2D22} = {27470E22-2AF1-4341-BDF9-67AFFFE62D16}
		{0C7B390E-EAEC-4893-85A0-C0AFAD1E0918} = {AD502143-86B3-4CD1-A752-F1E27CD79488}
		{AAD94D48-FAE8-4233-B09A-AE8BAD06540E} = {AD502143-86B3-4CD1-A752-F1E27CD79488}
		{8DBB26F3-2D6A-445D-AF39-26DC3A6B1AA2} = {91CEE1EA-8948-4AF5-9D1E-69309F3A30FA}
		{33BF418E-1C04-42CF-ACC6-2D853884B0D7} = {91CEE1EA-8948-4AF5-9D1E-69309F3A30FA}
		{FC6979CC-0551-47AB-A2D8-F1EABD0ACE69} = {2E29BF2F-86BA-4EB7-ADB8-2E9E6C12ED32}
		{C4681C7A-52F1-429A-9D2A-66AC4E48CBC4} = {2E29BF2F-86BA-4EB7-ADB8-2E9E6C12ED32}
		{D71FFFBE-7354-493D-ACFA-CB34FF7C852B} = {ED0ABA1F-2F9C-41BB-9B40-78795367F089}
		{5EC84DDA-5223-446A-B8D1-75B54BFF1DC9} = {ED0ABA1F-2F9C-41BB-9B40-78795367F089}
		{353A2043-AC1D-4FC2-BC62-6F4E1642F33A} = {2D008E6D-F6ED-49C9-9DC1-574F58FE4B15}
		{47BAF3C9-67B3-4093-BA51-794CFB4DF36C} = {2D008E6D-F6ED-49C9-9DC1-574F58FE4B15}
		{E9D651EB-F823-4A60-A43F-FCF87B5EA6BB} = {2D008E6D-F6ED-49C9-9DC1-574F58FE4B15}
		{1C8BAE3C-E1B7-4EA2-A1F7-14A74D2FAB2C} = {27470E22-2AF1-4341-BDF9-67AFFFE62D16}
		{55CF44A3-E41D-42CB-A3F7-EC856B852292} = {6FC94000-1CA7-4153-9B7F-5FCE3A8B6219}
		{9F57D495-A94B-4B48-9183-5C9CAC16F637} = {6FC94000-1CA7-4153-9B7F-5FCE3A8B6219}
		{D1DCEE14-A356-42C0-B263-A16EF46DEED4} = {6FC94000-1CA7-4153-9B7F-5FCE3A8B6219}
		{BAA444B5-58E4-443B-A751-DA5647ED43D3} = {6FC94000-1CA7-4153-9B7F-5FCE3A8B6219}
		{5B937589-2A7D-4AE6-965B-9844FDEFBAB9} = {6FC94000-1CA7-4153-9B7F-5FCE3A8B6219}
		{41E074E9-9A1C-46D9-900D-40BC883B0F87} = {6FC94000-1CA7-4153-9B7F-5FCE3A8B6219}
	EndGlobalSection
EndGlobal
