
Microsoft Visual Studio Solution File, Format Version 12.00
Project("{FAE04EC0-301F-11D3-BF4B-00C04F79EFBC}") = "AdvSearcher.Backend.TauriPlugIn", "AdvSearcher.Backend.TauriPlugIn\AdvSearcher.Backend.TauriPlugIn.csproj", "{E8863AE3-6A43-4C51-947C-3857730EE6D4}"
EndProject
Project("{2150E333-8FDC-42A3-9474-1A3956D46DE8}") = "advsearcher-src", "advsearcher-src", "{83280B55-01B1-47B1-9C85-D449D137A61E}"
EndProject
Project("{FAE04EC0-301F-11D3-BF4B-00C04F79EFBC}") = "AdvSearcher.Core", "AdvSearcher.Core\AdvSearcher.Core.csproj", "{B4A093E6-D070-40CC-9760-F4EACA4DE255}"
EndProject
Project("{FAE04EC0-301F-11D3-BF4B-00C04F79EFBC}") = "AdvSearcher.Application", "AdvSearcher.Application\AdvSearcher.Application.csproj", "{6C5A7392-BB65-4109-A672-675573CFB508}"
EndProject
Project("{2150E333-8FDC-42A3-9474-1A3956D46DE8}") = "advsearcher-plugins", "advsearcher-plugins", "{E209D1E1-9134-4519-B037-5BB8CF7EFDC5}"
EndProject
Project("{FAE04EC0-301F-11D3-BF4B-00C04F79EFBC}") = "AdvSearcher.Parser.SDK", "AdvSearcher.Parser.SDK\AdvSearcher.Parser.SDK.csproj", "{C48D62E8-15B9-4286-9380-D8FED47B8B19}"
EndProject
Project("{FAE04EC0-301F-11D3-BF4B-00C04F79EFBC}") = "AdvSearcher.Parser.SDK.Option.Extension", "AdvSearcher.Parser.SDK.Option.Extension\AdvSearcher.Parser.SDK.Option.Extension.csproj", "{7803F289-AF7B-47F4-8900-CDA0397AD9A0}"
EndProject
Project("{2150E333-8FDC-42A3-9474-1A3956D46DE8}") = "Vkontakte", "Vkontakte", "{A7140759-2718-4DAC-AC92-EDC8A0FF35BC}"
EndProject
Project("{2150E333-8FDC-42A3-9474-1A3956D46DE8}") = "Odnoklassniki", "Odnoklassniki", "{7B01F98F-0F71-41C2-8197-8E43076A3CBB}"
EndProject
Project("{2150E333-8FDC-42A3-9474-1A3956D46DE8}") = "Domclick", "Domclick", "{AA9C0958-F16C-4BD8-853F-0EA76237707C}"
EndProject
Project("{2150E333-8FDC-42A3-9474-1A3956D46DE8}") = "Cian", "Cian", "{13B072FA-0FB1-415F-8069-A1F3F280808D}"
EndProject
Project("{2150E333-8FDC-42A3-9474-1A3956D46DE8}") = "Avito", "Avito", "{7BEE52D1-C608-4C6D-87BB-402983B67151}"
EndProject
Project("{FAE04EC0-301F-11D3-BF4B-00C04F79EFBC}") = "AdvSearcher.VK.Parser", "AdvSearcher.VK.Parser\AdvSearcher.VK.Parser.csproj", "{164C2D21-52EF-492E-97CA-0E588C78E69A}"
EndProject
Project("{FAE04EC0-301F-11D3-BF4B-00C04F79EFBC}") = "AdvSearcher.OK.Parser", "AdvSearcher.OK.Parser\AdvSearcher.OK.Parser.csproj", "{4272DC08-285E-42B9-87C1-1AE38E5DFD92}"
EndProject
Project("{FAE04EC0-301F-11D3-BF4B-00C04F79EFBC}") = "AdvSearcher.Domclick.Parser", "AdvSearcher.Domclick.Parser\AdvSearcher.Domclick.Parser.csproj", "{CE143A69-0FB9-4863-B9E6-A8ACEEDBACA7}"
EndProject
Project("{FAE04EC0-301F-11D3-BF4B-00C04F79EFBC}") = "AdvSearcher.Cian.Parser", "AdvSearcher.Cian.Parser\AdvSearcher.Cian.Parser.csproj", "{31AADA60-3932-401D-B3C5-8B822649A16D}"
EndProject
Project("{FAE04EC0-301F-11D3-BF4B-00C04F79EFBC}") = "AdvSearcher.Avito.Parser", "AdvSearcher.Avito.Parser\AdvSearcher.Avito.Parser.csproj", "{2FD05524-43BA-4F0F-A931-429986D7E5E0}"
EndProject
Project("{2150E333-8FDC-42A3-9474-1A3956D46DE8}") = "advsearcher-persistance", "advsearcher-persistance", "{F2F503E3-2945-465E-AA50-E542FDC4BB18}"
EndProject
Project("{FAE04EC0-301F-11D3-BF4B-00C04F79EFBC}") = "AdvSearcher.Persistance.SDK", "AdvSearcher.Persistance.SDK\AdvSearcher.Persistance.SDK.csproj", "{2E433F35-E43B-4D37-8A01-990C7C43DEAA}"
EndProject
Project("{2150E333-8FDC-42A3-9474-1A3956D46DE8}") = "persistance-sqlite", "persistance-sqlite", "{EEBE5FEE-FBD6-4886-8585-8849D303A207}"
EndProject
Project("{2150E333-8FDC-42A3-9474-1A3956D46DE8}") = "persistance-cache", "persistance-cache", "{839D7778-96A2-41AE-837D-87A9A3970EDE}"
EndProject
Project("{FAE04EC0-301F-11D3-BF4B-00C04F79EFBC}") = "AdvSearcher.Persistance.Cache", "AdvSearcher.Persistance.Cache\AdvSearcher.Persistance.Cache.csproj", "{A93A8B1B-5D6F-4B1F-B100-BDF73D39263F}"
EndProject
Project("{FAE04EC0-301F-11D3-BF4B-00C04F79EFBC}") = "AdvSearcher.Persistance.SQLite", "AdvSearcher.Persistance.SQLite\AdvSearcher.Persistance.SQLite.csproj", "{444FD46E-8B42-4842-991E-91E59797F596}"
EndProject
Project("{FAE04EC0-301F-11D3-BF4B-00C04F79EFBC}") = "AdvSearcher.Persistance.Cache.Building", "AdvSearcher.Persistance.Cache.Building\AdvSearcher.Persistance.Cache.Building.csproj", "{6ECC7C98-6DEA-49EA-A3E9-F32A20471E55}"
EndProject
Project("{FAE04EC0-301F-11D3-BF4B-00C04F79EFBC}") = "AdvSearcher.Persistance.SQLite.Building", "AdvSearcher.Persistance.SQLite.Building\AdvSearcher.Persistance.SQLite.Building.csproj", "{D89CA46B-BEB3-4C3F-8986-6D00A3FA10CB}"
EndProject
Project("{FAE04EC0-301F-11D3-BF4B-00C04F79EFBC}") = "AdvSearcher.Persistance.SDK.Console", "AdvSearcher.Persistance.SDK.Console\AdvSearcher.Persistance.SDK.Console.csproj", "{A6C02503-2A6F-4D2C-AC21-0E1CB59BEA55}"
EndProject
Project("{FAE04EC0-301F-11D3-BF4B-00C04F79EFBC}") = "AdvSearcher.TauriApi.Tests", "AdvSearcher.TauriApi.Tests\AdvSearcher.TauriApi.Tests.csproj", "{1A11F5C5-24BE-4BF8-B465-E1FF761F22E6}"
EndProject
Project("{2150E333-8FDC-42A3-9474-1A3956D46DE8}") = "advsearcher-publishing-plugins", "advsearcher-publishing-plugins", "{F6048350-00B0-41D1-BB01-5F910BB32F55}"
EndProject
Project("{2150E333-8FDC-42A3-9474-1A3956D46DE8}") = "advsearcher-filesystem-plugin", "advsearcher-filesystem-plugin", "{70469BA7-CA19-4732-A8D2-4711BCE0C553}"
EndProject
Project("{FAE04EC0-301F-11D3-BF4B-00C04F79EFBC}") = "AdvSearcher.FileSystem.SDK", "AdvSearcher.FileSystem.SDK\AdvSearcher.FileSystem.SDK.csproj", "{FF30985D-01B6-4AF9-BC18-65D1C40532B1}"
EndProject
Project("{FAE04EC0-301F-11D3-BF4B-00C04F79EFBC}") = "AdvSearcher.FileSystem.Plugin", "AdvSearcher.FileSystem.Plugin\AdvSearcher.FileSystem.Plugin.csproj", "{136FD0E8-AB1A-4431-9DF1-F3653E5767DD}"
EndProject
Project("{FAE04EC0-301F-11D3-BF4B-00C04F79EFBC}") = "AdvSearcher.Publishing.SDK", "AdvSearcher.Publishing.SDK\AdvSearcher.Publishing.SDK.csproj", "{98BF1370-ADD4-46ED-BBFE-C4F48121001E}"
EndProject
Project("{2150E333-8FDC-42A3-9474-1A3956D46DE8}") = "VkPublishing", "VkPublishing", "{643FE071-8FEF-43B9-A83E-0517FDB422D6}"
EndProject
Project("{FAE04EC0-301F-11D3-BF4B-00C04F79EFBC}") = "AdvSearcher.VkPublishing.Plugin", "AdvSearcher.VkPublishing.Plugin\AdvSearcher.VkPublishing.Plugin.csproj", "{7D0BFE55-11E2-4309-9CEA-509633ABD4B2}"
EndProject
Project("{2150E333-8FDC-42A3-9474-1A3956D46DE8}") = "Odnoklassniki", "Odnoklassniki", "{C8B4D0CB-2C4C-4A1E-92A2-5A74CDCA504C}"
EndProject
Project("{FAE04EC0-301F-11D3-BF4B-00C04F79EFBC}") = "AdvSearcher.OkPublishing.Plugin", "AdvSearcher.OkPublishing.Plugin\AdvSearcher.OkPublishing.Plugin.csproj", "{4F51ED70-EC73-4B49-B742-1672DA1F683C}"
EndProject
Project("{2150E333-8FDC-42A3-9474-1A3956D46DE8}") = "WhatsApp", "WhatsApp", "{5F5ECB69-BA60-488F-9AE2-9032F1AA0608}"
EndProject
Project("{FAE04EC0-301F-11D3-BF4B-00C04F79EFBC}") = "AdvSearcher.WhatsApp.Plugin", "AdvSearcher.WhatsApp.Plugin\AdvSearcher.WhatsApp.Plugin.csproj", "{BF740A5D-11A2-4429-83AA-36189C52229D}"
EndProject
Project("{2150E333-8FDC-42A3-9474-1A3956D46DE8}") = "MailRu", "MailRu", "{9F86A732-DFCB-4D0E-B484-61FA04C9BEEF}"
EndProject
Project("{FAE04EC0-301F-11D3-BF4B-00C04F79EFBC}") = "AdvSearcher.MailRu.Plugin", "AdvSearcher.MailRu.Plugin\AdvSearcher.MailRu.Plugin.csproj", "{139710D4-772C-457D-9541-D18ED51F9447}"
EndProject
Project("{2150E333-8FDC-42A3-9474-1A3956D46DE8}") = "advsearcher-image-inpainting-plugin", "advsearcher-image-inpainting-plugin", "{5AB84E6C-7255-4F7B-950F-5E132B80623F}"
EndProject
Project("{FAE04EC0-301F-11D3-BF4B-00C04F79EFBC}") = "AdvSearcher.Image.Inpainting.SDK", "AdvSearcher.Image.Inpainting.SDK\AdvSearcher.Image.Inpainting.SDK.csproj", "{29EA2D73-8C74-443D-A5B8-E6945DD58A42}"
EndProject
Project("{FAE04EC0-301F-11D3-BF4B-00C04F79EFBC}") = "AdvSearcher.Image.Inpainting.Plugin", "AdvSearcher.Image.Inpainting.Plugin\AdvSearcher.Image.Inpainting.Plugin.csproj", "{E368A28B-221D-486E-A57E-A95DE1582340}"
EndProject
Project("{FAE04EC0-301F-11D3-BF4B-00C04F79EFBC}") = "OnnxBuild", "OnnxBuild\OnnxBuild.csproj", "{771F12FF-6B36-4844-9163-27E5AC2F3AB9}"
EndProject
Global
	GlobalSection(SolutionConfigurationPlatforms) = preSolution
		Debug|Any CPU = Debug|Any CPU
		Release|Any CPU = Release|Any CPU
	EndGlobalSection
	GlobalSection(ProjectConfigurationPlatforms) = postSolution
		{E8863AE3-6A43-4C51-947C-3857730EE6D4}.Debug|Any CPU.ActiveCfg = Debug|Any CPU
		{E8863AE3-6A43-4C51-947C-3857730EE6D4}.Debug|Any CPU.Build.0 = Debug|Any CPU
		{E8863AE3-6A43-4C51-947C-3857730EE6D4}.Release|Any CPU.ActiveCfg = Release|Any CPU
		{E8863AE3-6A43-4C51-947C-3857730EE6D4}.Release|Any CPU.Build.0 = Release|Any CPU
		{B4A093E6-D070-40CC-9760-F4EACA4DE255}.Debug|Any CPU.ActiveCfg = Debug|Any CPU
		{B4A093E6-D070-40CC-9760-F4EACA4DE255}.Debug|Any CPU.Build.0 = Debug|Any CPU
		{B4A093E6-D070-40CC-9760-F4EACA4DE255}.Release|Any CPU.ActiveCfg = Release|Any CPU
		{B4A093E6-D070-40CC-9760-F4EACA4DE255}.Release|Any CPU.Build.0 = Release|Any CPU
		{6C5A7392-BB65-4109-A672-675573CFB508}.Debug|Any CPU.ActiveCfg = Debug|Any CPU
		{6C5A7392-BB65-4109-A672-675573CFB508}.Debug|Any CPU.Build.0 = Debug|Any CPU
		{6C5A7392-BB65-4109-A672-675573CFB508}.Release|Any CPU.ActiveCfg = Release|Any CPU
		{6C5A7392-BB65-4109-A672-675573CFB508}.Release|Any CPU.Build.0 = Release|Any CPU
		{C48D62E8-15B9-4286-9380-D8FED47B8B19}.Debug|Any CPU.ActiveCfg = Debug|Any CPU
		{C48D62E8-15B9-4286-9380-D8FED47B8B19}.Debug|Any CPU.Build.0 = Debug|Any CPU
		{C48D62E8-15B9-4286-9380-D8FED47B8B19}.Release|Any CPU.ActiveCfg = Release|Any CPU
		{C48D62E8-15B9-4286-9380-D8FED47B8B19}.Release|Any CPU.Build.0 = Release|Any CPU
		{7803F289-AF7B-47F4-8900-CDA0397AD9A0}.Debug|Any CPU.ActiveCfg = Debug|Any CPU
		{7803F289-AF7B-47F4-8900-CDA0397AD9A0}.Debug|Any CPU.Build.0 = Debug|Any CPU
		{7803F289-AF7B-47F4-8900-CDA0397AD9A0}.Release|Any CPU.ActiveCfg = Release|Any CPU
		{7803F289-AF7B-47F4-8900-CDA0397AD9A0}.Release|Any CPU.Build.0 = Release|Any CPU
		{164C2D21-52EF-492E-97CA-0E588C78E69A}.Debug|Any CPU.ActiveCfg = Debug|Any CPU
		{164C2D21-52EF-492E-97CA-0E588C78E69A}.Debug|Any CPU.Build.0 = Debug|Any CPU
		{164C2D21-52EF-492E-97CA-0E588C78E69A}.Release|Any CPU.ActiveCfg = Release|Any CPU
		{164C2D21-52EF-492E-97CA-0E588C78E69A}.Release|Any CPU.Build.0 = Release|Any CPU
		{4272DC08-285E-42B9-87C1-1AE38E5DFD92}.Debug|Any CPU.ActiveCfg = Debug|Any CPU
		{4272DC08-285E-42B9-87C1-1AE38E5DFD92}.Debug|Any CPU.Build.0 = Debug|Any CPU
		{4272DC08-285E-42B9-87C1-1AE38E5DFD92}.Release|Any CPU.ActiveCfg = Release|Any CPU
		{4272DC08-285E-42B9-87C1-1AE38E5DFD92}.Release|Any CPU.Build.0 = Release|Any CPU
		{CE143A69-0FB9-4863-B9E6-A8ACEEDBACA7}.Debug|Any CPU.ActiveCfg = Debug|Any CPU
		{CE143A69-0FB9-4863-B9E6-A8ACEEDBACA7}.Debug|Any CPU.Build.0 = Debug|Any CPU
		{CE143A69-0FB9-4863-B9E6-A8ACEEDBACA7}.Release|Any CPU.ActiveCfg = Release|Any CPU
		{CE143A69-0FB9-4863-B9E6-A8ACEEDBACA7}.Release|Any CPU.Build.0 = Release|Any CPU
		{31AADA60-3932-401D-B3C5-8B822649A16D}.Debug|Any CPU.ActiveCfg = Debug|Any CPU
		{31AADA60-3932-401D-B3C5-8B822649A16D}.Debug|Any CPU.Build.0 = Debug|Any CPU
		{31AADA60-3932-401D-B3C5-8B822649A16D}.Release|Any CPU.ActiveCfg = Release|Any CPU
		{31AADA60-3932-401D-B3C5-8B822649A16D}.Release|Any CPU.Build.0 = Release|Any CPU
		{2FD05524-43BA-4F0F-A931-429986D7E5E0}.Debug|Any CPU.ActiveCfg = Debug|Any CPU
		{2FD05524-43BA-4F0F-A931-429986D7E5E0}.Debug|Any CPU.Build.0 = Debug|Any CPU
		{2FD05524-43BA-4F0F-A931-429986D7E5E0}.Release|Any CPU.ActiveCfg = Release|Any CPU
		{2FD05524-43BA-4F0F-A931-429986D7E5E0}.Release|Any CPU.Build.0 = Release|Any CPU
		{2E433F35-E43B-4D37-8A01-990C7C43DEAA}.Debug|Any CPU.ActiveCfg = Debug|Any CPU
		{2E433F35-E43B-4D37-8A01-990C7C43DEAA}.Debug|Any CPU.Build.0 = Debug|Any CPU
		{2E433F35-E43B-4D37-8A01-990C7C43DEAA}.Release|Any CPU.ActiveCfg = Release|Any CPU
		{2E433F35-E43B-4D37-8A01-990C7C43DEAA}.Release|Any CPU.Build.0 = Release|Any CPU
		{A93A8B1B-5D6F-4B1F-B100-BDF73D39263F}.Debug|Any CPU.ActiveCfg = Debug|Any CPU
		{A93A8B1B-5D6F-4B1F-B100-BDF73D39263F}.Debug|Any CPU.Build.0 = Debug|Any CPU
		{A93A8B1B-5D6F-4B1F-B100-BDF73D39263F}.Release|Any CPU.ActiveCfg = Release|Any CPU
		{A93A8B1B-5D6F-4B1F-B100-BDF73D39263F}.Release|Any CPU.Build.0 = Release|Any CPU
		{444FD46E-8B42-4842-991E-91E59797F596}.Debug|Any CPU.ActiveCfg = Debug|Any CPU
		{444FD46E-8B42-4842-991E-91E59797F596}.Debug|Any CPU.Build.0 = Debug|Any CPU
		{444FD46E-8B42-4842-991E-91E59797F596}.Release|Any CPU.ActiveCfg = Release|Any CPU
		{444FD46E-8B42-4842-991E-91E59797F596}.Release|Any CPU.Build.0 = Release|Any CPU
		{6ECC7C98-6DEA-49EA-A3E9-F32A20471E55}.Debug|Any CPU.ActiveCfg = Debug|Any CPU
		{6ECC7C98-6DEA-49EA-A3E9-F32A20471E55}.Debug|Any CPU.Build.0 = Debug|Any CPU
		{6ECC7C98-6DEA-49EA-A3E9-F32A20471E55}.Release|Any CPU.ActiveCfg = Release|Any CPU
		{6ECC7C98-6DEA-49EA-A3E9-F32A20471E55}.Release|Any CPU.Build.0 = Release|Any CPU
		{D89CA46B-BEB3-4C3F-8986-6D00A3FA10CB}.Debug|Any CPU.ActiveCfg = Debug|Any CPU
		{D89CA46B-BEB3-4C3F-8986-6D00A3FA10CB}.Debug|Any CPU.Build.0 = Debug|Any CPU
		{D89CA46B-BEB3-4C3F-8986-6D00A3FA10CB}.Release|Any CPU.ActiveCfg = Release|Any CPU
		{D89CA46B-BEB3-4C3F-8986-6D00A3FA10CB}.Release|Any CPU.Build.0 = Release|Any CPU
		{A6C02503-2A6F-4D2C-AC21-0E1CB59BEA55}.Debug|Any CPU.ActiveCfg = Debug|Any CPU
		{A6C02503-2A6F-4D2C-AC21-0E1CB59BEA55}.Debug|Any CPU.Build.0 = Debug|Any CPU
		{A6C02503-2A6F-4D2C-AC21-0E1CB59BEA55}.Release|Any CPU.ActiveCfg = Release|Any CPU
		{A6C02503-2A6F-4D2C-AC21-0E1CB59BEA55}.Release|Any CPU.Build.0 = Release|Any CPU
		{1A11F5C5-24BE-4BF8-B465-E1FF761F22E6}.Debug|Any CPU.ActiveCfg = Debug|Any CPU
		{1A11F5C5-24BE-4BF8-B465-E1FF761F22E6}.Debug|Any CPU.Build.0 = Debug|Any CPU
		{1A11F5C5-24BE-4BF8-B465-E1FF761F22E6}.Release|Any CPU.ActiveCfg = Release|Any CPU
		{1A11F5C5-24BE-4BF8-B465-E1FF761F22E6}.Release|Any CPU.Build.0 = Release|Any CPU
		{FF30985D-01B6-4AF9-BC18-65D1C40532B1}.Debug|Any CPU.ActiveCfg = Debug|Any CPU
		{FF30985D-01B6-4AF9-BC18-65D1C40532B1}.Debug|Any CPU.Build.0 = Debug|Any CPU
		{FF30985D-01B6-4AF9-BC18-65D1C40532B1}.Release|Any CPU.ActiveCfg = Release|Any CPU
		{FF30985D-01B6-4AF9-BC18-65D1C40532B1}.Release|Any CPU.Build.0 = Release|Any CPU
		{136FD0E8-AB1A-4431-9DF1-F3653E5767DD}.Debug|Any CPU.ActiveCfg = Debug|Any CPU
		{136FD0E8-AB1A-4431-9DF1-F3653E5767DD}.Debug|Any CPU.Build.0 = Debug|Any CPU
		{136FD0E8-AB1A-4431-9DF1-F3653E5767DD}.Release|Any CPU.ActiveCfg = Release|Any CPU
		{136FD0E8-AB1A-4431-9DF1-F3653E5767DD}.Release|Any CPU.Build.0 = Release|Any CPU
		{98BF1370-ADD4-46ED-BBFE-C4F48121001E}.Debug|Any CPU.ActiveCfg = Debug|Any CPU
		{98BF1370-ADD4-46ED-BBFE-C4F48121001E}.Debug|Any CPU.Build.0 = Debug|Any CPU
		{98BF1370-ADD4-46ED-BBFE-C4F48121001E}.Release|Any CPU.ActiveCfg = Release|Any CPU
		{98BF1370-ADD4-46ED-BBFE-C4F48121001E}.Release|Any CPU.Build.0 = Release|Any CPU
		{7D0BFE55-11E2-4309-9CEA-509633ABD4B2}.Debug|Any CPU.ActiveCfg = Debug|Any CPU
		{7D0BFE55-11E2-4309-9CEA-509633ABD4B2}.Debug|Any CPU.Build.0 = Debug|Any CPU
		{7D0BFE55-11E2-4309-9CEA-509633ABD4B2}.Release|Any CPU.ActiveCfg = Release|Any CPU
		{7D0BFE55-11E2-4309-9CEA-509633ABD4B2}.Release|Any CPU.Build.0 = Release|Any CPU
		{4F51ED70-EC73-4B49-B742-1672DA1F683C}.Debug|Any CPU.ActiveCfg = Debug|Any CPU
		{4F51ED70-EC73-4B49-B742-1672DA1F683C}.Debug|Any CPU.Build.0 = Debug|Any CPU
		{4F51ED70-EC73-4B49-B742-1672DA1F683C}.Release|Any CPU.ActiveCfg = Release|Any CPU
		{4F51ED70-EC73-4B49-B742-1672DA1F683C}.Release|Any CPU.Build.0 = Release|Any CPU
		{BF740A5D-11A2-4429-83AA-36189C52229D}.Debug|Any CPU.ActiveCfg = Debug|Any CPU
		{BF740A5D-11A2-4429-83AA-36189C52229D}.Debug|Any CPU.Build.0 = Debug|Any CPU
		{BF740A5D-11A2-4429-83AA-36189C52229D}.Release|Any CPU.ActiveCfg = Release|Any CPU
		{BF740A5D-11A2-4429-83AA-36189C52229D}.Release|Any CPU.Build.0 = Release|Any CPU
		{139710D4-772C-457D-9541-D18ED51F9447}.Debug|Any CPU.ActiveCfg = Debug|Any CPU
		{139710D4-772C-457D-9541-D18ED51F9447}.Debug|Any CPU.Build.0 = Debug|Any CPU
		{139710D4-772C-457D-9541-D18ED51F9447}.Release|Any CPU.ActiveCfg = Release|Any CPU
		{139710D4-772C-457D-9541-D18ED51F9447}.Release|Any CPU.Build.0 = Release|Any CPU
		{29EA2D73-8C74-443D-A5B8-E6945DD58A42}.Debug|Any CPU.ActiveCfg = Debug|Any CPU
		{29EA2D73-8C74-443D-A5B8-E6945DD58A42}.Debug|Any CPU.Build.0 = Debug|Any CPU
		{29EA2D73-8C74-443D-A5B8-E6945DD58A42}.Release|Any CPU.ActiveCfg = Release|Any CPU
		{29EA2D73-8C74-443D-A5B8-E6945DD58A42}.Release|Any CPU.Build.0 = Release|Any CPU
		{E368A28B-221D-486E-A57E-A95DE1582340}.Debug|Any CPU.ActiveCfg = Debug|Any CPU
		{E368A28B-221D-486E-A57E-A95DE1582340}.Debug|Any CPU.Build.0 = Debug|Any CPU
		{E368A28B-221D-486E-A57E-A95DE1582340}.Release|Any CPU.ActiveCfg = Release|Any CPU
		{E368A28B-221D-486E-A57E-A95DE1582340}.Release|Any CPU.Build.0 = Release|Any CPU
		{771F12FF-6B36-4844-9163-27E5AC2F3AB9}.Debug|Any CPU.ActiveCfg = Debug|Any CPU
		{771F12FF-6B36-4844-9163-27E5AC2F3AB9}.Debug|Any CPU.Build.0 = Debug|Any CPU
		{771F12FF-6B36-4844-9163-27E5AC2F3AB9}.Release|Any CPU.ActiveCfg = Release|Any CPU
		{771F12FF-6B36-4844-9163-27E5AC2F3AB9}.Release|Any CPU.Build.0 = Release|Any CPU
	EndGlobalSection
	GlobalSection(NestedProjects) = preSolution
		{B4A093E6-D070-40CC-9760-F4EACA4DE255} = {83280B55-01B1-47B1-9C85-D449D137A61E}
		{6C5A7392-BB65-4109-A672-675573CFB508} = {83280B55-01B1-47B1-9C85-D449D137A61E}
		{E209D1E1-9134-4519-B037-5BB8CF7EFDC5} = {83280B55-01B1-47B1-9C85-D449D137A61E}
		{C48D62E8-15B9-4286-9380-D8FED47B8B19} = {E209D1E1-9134-4519-B037-5BB8CF7EFDC5}
		{7803F289-AF7B-47F4-8900-CDA0397AD9A0} = {E209D1E1-9134-4519-B037-5BB8CF7EFDC5}
		{A7140759-2718-4DAC-AC92-EDC8A0FF35BC} = {E209D1E1-9134-4519-B037-5BB8CF7EFDC5}
		{7B01F98F-0F71-41C2-8197-8E43076A3CBB} = {E209D1E1-9134-4519-B037-5BB8CF7EFDC5}
		{AA9C0958-F16C-4BD8-853F-0EA76237707C} = {E209D1E1-9134-4519-B037-5BB8CF7EFDC5}
		{13B072FA-0FB1-415F-8069-A1F3F280808D} = {E209D1E1-9134-4519-B037-5BB8CF7EFDC5}
		{7BEE52D1-C608-4C6D-87BB-402983B67151} = {E209D1E1-9134-4519-B037-5BB8CF7EFDC5}
		{164C2D21-52EF-492E-97CA-0E588C78E69A} = {A7140759-2718-4DAC-AC92-EDC8A0FF35BC}
		{4272DC08-285E-42B9-87C1-1AE38E5DFD92} = {7B01F98F-0F71-41C2-8197-8E43076A3CBB}
		{CE143A69-0FB9-4863-B9E6-A8ACEEDBACA7} = {AA9C0958-F16C-4BD8-853F-0EA76237707C}
		{31AADA60-3932-401D-B3C5-8B822649A16D} = {13B072FA-0FB1-415F-8069-A1F3F280808D}
		{2FD05524-43BA-4F0F-A931-429986D7E5E0} = {7BEE52D1-C608-4C6D-87BB-402983B67151}
		{F2F503E3-2945-465E-AA50-E542FDC4BB18} = {83280B55-01B1-47B1-9C85-D449D137A61E}
		{2E433F35-E43B-4D37-8A01-990C7C43DEAA} = {F2F503E3-2945-465E-AA50-E542FDC4BB18}
		{EEBE5FEE-FBD6-4886-8585-8849D303A207} = {F2F503E3-2945-465E-AA50-E542FDC4BB18}
		{839D7778-96A2-41AE-837D-87A9A3970EDE} = {F2F503E3-2945-465E-AA50-E542FDC4BB18}
		{A93A8B1B-5D6F-4B1F-B100-BDF73D39263F} = {839D7778-96A2-41AE-837D-87A9A3970EDE}
		{444FD46E-8B42-4842-991E-91E59797F596} = {EEBE5FEE-FBD6-4886-8585-8849D303A207}
		{6ECC7C98-6DEA-49EA-A3E9-F32A20471E55} = {839D7778-96A2-41AE-837D-87A9A3970EDE}
		{D89CA46B-BEB3-4C3F-8986-6D00A3FA10CB} = {EEBE5FEE-FBD6-4886-8585-8849D303A207}
		{A6C02503-2A6F-4D2C-AC21-0E1CB59BEA55} = {F2F503E3-2945-465E-AA50-E542FDC4BB18}
		{F6048350-00B0-41D1-BB01-5F910BB32F55} = {83280B55-01B1-47B1-9C85-D449D137A61E}
		{70469BA7-CA19-4732-A8D2-4711BCE0C553} = {83280B55-01B1-47B1-9C85-D449D137A61E}
		{FF30985D-01B6-4AF9-BC18-65D1C40532B1} = {70469BA7-CA19-4732-A8D2-4711BCE0C553}
		{136FD0E8-AB1A-4431-9DF1-F3653E5767DD} = {70469BA7-CA19-4732-A8D2-4711BCE0C553}
		{98BF1370-ADD4-46ED-BBFE-C4F48121001E} = {F6048350-00B0-41D1-BB01-5F910BB32F55}
		{643FE071-8FEF-43B9-A83E-0517FDB422D6} = {F6048350-00B0-41D1-BB01-5F910BB32F55}
		{7D0BFE55-11E2-4309-9CEA-509633ABD4B2} = {643FE071-8FEF-43B9-A83E-0517FDB422D6}
		{C8B4D0CB-2C4C-4A1E-92A2-5A74CDCA504C} = {F6048350-00B0-41D1-BB01-5F910BB32F55}
		{4F51ED70-EC73-4B49-B742-1672DA1F683C} = {C8B4D0CB-2C4C-4A1E-92A2-5A74CDCA504C}
		{5F5ECB69-BA60-488F-9AE2-9032F1AA0608} = {F6048350-00B0-41D1-BB01-5F910BB32F55}
		{BF740A5D-11A2-4429-83AA-36189C52229D} = {5F5ECB69-BA60-488F-9AE2-9032F1AA0608}
		{9F86A732-DFCB-4D0E-B484-61FA04C9BEEF} = {F6048350-00B0-41D1-BB01-5F910BB32F55}
		{139710D4-772C-457D-9541-D18ED51F9447} = {9F86A732-DFCB-4D0E-B484-61FA04C9BEEF}
		{5AB84E6C-7255-4F7B-950F-5E132B80623F} = {83280B55-01B1-47B1-9C85-D449D137A61E}
		{29EA2D73-8C74-443D-A5B8-E6945DD58A42} = {5AB84E6C-7255-4F7B-950F-5E132B80623F}
		{E368A28B-221D-486E-A57E-A95DE1582340} = {5AB84E6C-7255-4F7B-950F-5E132B80623F}
		{771F12FF-6B36-4844-9163-27E5AC2F3AB9} = {5AB84E6C-7255-4F7B-950F-5E132B80623F}
	EndGlobalSection
EndGlobal
